
Microsoft Visual Studio Solution File, Format Version 12.00
# Visual Studio Version 17
VisualStudioVersion = 17.8.34525.116
MinimumVisualStudioVersion = 10.0.40219.1
Project("{FAE04EC0-301F-11D3-BF4B-00C04F79EFBC}") = "PageControl", "PageControl\PageControl.csproj", "{424014B1-051E-48D6-AEE4-5AAC30618831}"
EndProject
Project("{FAE04EC0-301F-11D3-BF4B-00C04F79EFBC}") = "demo", "WindowsFormsApp1\demo.csproj", "{6AF1454E-5E5B-4B6A-A26C-5A3C3021AF28}"
EndProject
Global
	GlobalSection(SolutionConfigurationPlatforms) = preSolution
		Debug|Any CPU = Debug|Any CPU
		Release|Any CPU = Release|Any CPU
	EndGlobalSection
	GlobalSection(ProjectConfigurationPlatforms) = postSolution
		{424014B1-051E-48D6-AEE4-5AAC30618831}.Debug|Any CPU.ActiveCfg = Debug|Any CPU
		{424014B1-051E-48D6-AEE4-5AAC30618831}.Debug|Any CPU.Build.0 = Debug|Any CPU
		{424014B1-051E-48D6-AEE4-5AAC30618831}.Release|Any CPU.ActiveCfg = Release|Any CPU
		{424014B1-051E-48D6-AEE4-5AAC30618831}.Release|Any CPU.Build.0 = Release|Any CPU
		{6AF1454E-5E5B-4B6A-A26C-5A3C3021AF28}.Debug|Any CPU.ActiveCfg = Debug|Any CPU
		{6AF1454E-5E5B-4B6A-A26C-5A3C3021AF28}.Debug|Any CPU.Build.0 = Debug|Any CPU
		{6AF1454E-5E5B-4B6A-A26C-5A3C3021AF28}.Release|Any CPU.ActiveCfg = Release|Any CPU
		{6AF1454E-5E5B-4B6A-A26C-5A3C3021AF28}.Release|Any CPU.Build.0 = Release|Any CPU
	EndGlobalSection
	GlobalSection(SolutionProperties) = preSolution
		HideSolutionNode = FALSE
	EndGlobalSection
	GlobalSection(ExtensibilityGlobals) = postSolution
		SolutionGuid = {CF2BB949-39CC-4F99-8653-909B8E6A7CCB}
	EndGlobalSection
EndGlobal
